github.com/ahmed-elsakka/mathutils v0.0.0-20251102154719-13eebc0145d9 h1:hOh0e7y7z/HR9Gj0oTfAzpEKdqYM+zUjI5K3X7l3tSI=
github.com/ahmed-elsakka/mathutils v0.0.0-20251102154719-13eebc0145d9/go.mod h1:lrXGNKskRrDuEAF9NwTA6aipFsK2uI+Esg6P1Y0d9Ng=
github.com/ahmed-elsakka/mathutils v1.0.1 h1:4otjOQK00eYIRDBc5U4xHiRrcu4Y50J8DrMwgY3BipQ=
github.com/ahmed-elsakka/mathutils v1.0.1/go.mod h1:lrXGNKskRrDuEAF9NwTA6aipFsK2uI+Esg6P1Y0d9Ng=
